// !$*UTF8*$!
{
	archiveVersion = 1;
	classes = {
	};
	objectVersion = 50;
	objects = {

/* Begin PBXBuildFile section */
		B044F629231E867000FFF42D /* Load.swift in Sources */ = {isa = PBXBuildFile; fileRef = B044F628231E867000FFF42D /* Load.swift */; };
		9535595B231E63330014EA5F /* CreateRecord.storyboard in Resources */ = {isa = PBXBuildFile; fileRef = 95355953231E63320014EA5F /* CreateRecord.storyboard */; };
		9535595C231E63330014EA5F /* ActivityPickerCell.swift in Sources */ = {isa = PBXBuildFile; fileRef = 95355954231E63320014EA5F /* ActivityPickerCell.swift */; };
		9535595D231E63330014EA5F /* TwoLabelsCell.xib in Resources */ = {isa = PBXBuildFile; fileRef = 95355955231E63320014EA5F /* TwoLabelsCell.xib */; };
		9535595E231E63330014EA5F /* ActivityPickerCell.xib in Resources */ = {isa = PBXBuildFile; fileRef = 95355956231E63320014EA5F /* ActivityPickerCell.xib */; };
		9535595F231E63330014EA5F /* TextFieldCell.swift in Sources */ = {isa = PBXBuildFile; fileRef = 95355957231E63320014EA5F /* TextFieldCell.swift */; };
		95355960231E63330014EA5F /* TwoLabelsCell.swift in Sources */ = {isa = PBXBuildFile; fileRef = 95355958231E63330014EA5F /* TwoLabelsCell.swift */; };
		95355961231E63330014EA5F /* TextFieldCell.xib in Resources */ = {isa = PBXBuildFile; fileRef = 95355959231E63330014EA5F /* TextFieldCell.xib */; };
		95355962231E63330014EA5F /* ActivityRecordGuide.storyboard in Resources */ = {isa = PBXBuildFile; fileRef = 9535595A231E63330014EA5F /* ActivityRecordGuide.storyboard */; };
		95355965231E635C0014EA5F /* CreateRecordTableVC.swift in Sources */ = {isa = PBXBuildFile; fileRef = 95355963231E635C0014EA5F /* CreateRecordTableVC.swift */; };
		95355966231E635C0014EA5F /* OptionsTableVC.swift in Sources */ = {isa = PBXBuildFile; fileRef = 95355964231E635C0014EA5F /* OptionsTableVC.swift */; };
		B06A9C68230E69E9007D38B5 /* AppDelegate.swift in Sources */ = {isa = PBXBuildFile; fileRef = B06A9C67230E69E9007D38B5 /* AppDelegate.swift */; };
		B06A9C6A230E69E9007D38B5 /* ViewController.swift in Sources */ = {isa = PBXBuildFile; fileRef = B06A9C69230E69E9007D38B5 /* ViewController.swift */; };
		B06A9C6D230E69E9007D38B5 /* Main.storyboard in Resources */ = {isa = PBXBuildFile; fileRef = B06A9C6B230E69E9007D38B5 /* Main.storyboard */; };
		B06A9C70230E69E9007D38B5 /* MiniChallenge3.xcdatamodeld in Sources */ = {isa = PBXBuildFile; fileRef = B06A9C6E230E69E9007D38B5 /* MiniChallenge3.xcdatamodeld */; };
		B06A9C72230E69EB007D38B5 /* Assets.xcassets in Resources */ = {isa = PBXBuildFile; fileRef = B06A9C71230E69EB007D38B5 /* Assets.xcassets */; };
		B06A9C75230E69EB007D38B5 /* LaunchScreen.storyboard in Resources */ = {isa = PBXBuildFile; fileRef = B06A9C73230E69EB007D38B5 /* LaunchScreen.storyboard */; };
		B099EA75231E341F00BEF2F8 /* CloudKit.framework in Frameworks */ = {isa = PBXBuildFile; fileRef = B099EA74231E341F00BEF2F8 /* CloudKit.framework */; };
		BE6492E3231D1696001E27A7 /* SleepTableViewCell.swift in Sources */ = {isa = PBXBuildFile; fileRef = BE6492E1231D1696001E27A7 /* SleepTableViewCell.swift */; };
		BE6492E4231D1696001E27A7 /* SleepTableViewCell.xib in Resources */ = {isa = PBXBuildFile; fileRef = BE6492E2231D1696001E27A7 /* SleepTableViewCell.xib */; };
		BE6492E7231D169F001E27A7 /* ComplainTableViewCell.swift in Sources */ = {isa = PBXBuildFile; fileRef = BE6492E5231D169F001E27A7 /* ComplainTableViewCell.swift */; };
		BE6492E8231D169F001E27A7 /* ComplainTableViewCell.xib in Resources */ = {isa = PBXBuildFile; fileRef = BE6492E6231D169F001E27A7 /* ComplainTableViewCell.xib */; };
		BE9982D9231E2AB7000459E5 /* History.storyboard in Resources */ = {isa = PBXBuildFile; fileRef = BE9982D8231E2AB7000459E5 /* History.storyboard */; };
		BE9982E5231E2B83000459E5 /* MedicineListTableViewCell.xib in Resources */ = {isa = PBXBuildFile; fileRef = BE9982DC231E2B83000459E5 /* MedicineListTableViewCell.xib */; };
		BE9982E6231E2B83000459E5 /* PatientOnBoardView.swift in Sources */ = {isa = PBXBuildFile; fileRef = BE9982DD231E2B83000459E5 /* PatientOnBoardView.swift */; };
		BE9982E7231E2B83000459E5 /* UserProfileCell.swift in Sources */ = {isa = PBXBuildFile; fileRef = BE9982DE231E2B83000459E5 /* UserProfileCell.swift */; };
		BE9982E8231E2B83000459E5 /* MedicineListTableViewCell.swift in Sources */ = {isa = PBXBuildFile; fileRef = BE9982DF231E2B83000459E5 /* MedicineListTableViewCell.swift */; };
		BE9982E9231E2B83000459E5 /* MedicineList.storyboard in Resources */ = {isa = PBXBuildFile; fileRef = BE9982E0231E2B83000459E5 /* MedicineList.storyboard */; };
		BE9982EA231E2B83000459E5 /* DoctorProfileCell.swift in Sources */ = {isa = PBXBuildFile; fileRef = BE9982E1231E2B83000459E5 /* DoctorProfileCell.swift */; };
		BE9982EB231E2B83000459E5 /* Profile.storyboard in Resources */ = {isa = PBXBuildFile; fileRef = BE9982E2231E2B83000459E5 /* Profile.storyboard */; };
		BE9982EC231E2B83000459E5 /* AddMedicine.storyboard in Resources */ = {isa = PBXBuildFile; fileRef = BE9982E3231E2B83000459E5 /* AddMedicine.storyboard */; };
		BE9982ED231E2B83000459E5 /* DoctorOnBoardView.swift in Sources */ = {isa = PBXBuildFile; fileRef = BE9982E4231E2B83000459E5 /* DoctorOnBoardView.swift */; };
		BE9982FA231E2BCB000459E5 /* DoctorData.swift in Sources */ = {isa = PBXBuildFile; fileRef = BE9982EE231E2BCA000459E5 /* DoctorData.swift */; };
		BE9982FB231E2BCB000459E5 /* MedicineModel.swift in Sources */ = {isa = PBXBuildFile; fileRef = BE9982EF231E2BCA000459E5 /* MedicineModel.swift */; };
		BE9982FC231E2BCB000459E5 /* OnboardModel.swift in Sources */ = {isa = PBXBuildFile; fileRef = BE9982F0231E2BCA000459E5 /* OnboardModel.swift */; };
		BE9982FD231E2BCB000459E5 /* MedicineData.swift in Sources */ = {isa = PBXBuildFile; fileRef = BE9982F1231E2BCA000459E5 /* MedicineData.swift */; };
		BE9982FE231E2BCB000459E5 /* Profile.swift in Sources */ = {isa = PBXBuildFile; fileRef = BE9982F2231E2BCA000459E5 /* Profile.swift */; };
		BE9982FF231E2BCB000459E5 /* OnBoardData.swift in Sources */ = {isa = PBXBuildFile; fileRef = BE9982F3231E2BCB000459E5 /* OnBoardData.swift */; };
		BE998300231E2BCB000459E5 /* ProfileModel.swift in Sources */ = {isa = PBXBuildFile; fileRef = BE9982F4231E2BCB000459E5 /* ProfileModel.swift */; };
		BE998301231E2BCB000459E5 /* RecordModel.swift in Sources */ = {isa = PBXBuildFile; fileRef = BE9982F5231E2BCB000459E5 /* RecordModel.swift */; };
		BE998302231E2BCB000459E5 /* ActivityModel.swift in Sources */ = {isa = PBXBuildFile; fileRef = BE9982F6231E2BCB000459E5 /* ActivityModel.swift */; };
		BE998303231E2BCB000459E5 /* HistoryModel.swift in Sources */ = {isa = PBXBuildFile; fileRef = BE9982F7231E2BCB000459E5 /* HistoryModel.swift */; };
		BE998304231E2BCB000459E5 /* CloudData.swift in Sources */ = {isa = PBXBuildFile; fileRef = BE9982F8231E2BCB000459E5 /* CloudData.swift */; };
		BE998305231E2BCB000459E5 /* DashboardData.swift in Sources */ = {isa = PBXBuildFile; fileRef = BE9982F9231E2BCB000459E5 /* DashboardData.swift */; };
		BE99830D231E2BFE000459E5 /* DateCollectionViewCell.swift in Sources */ = {isa = PBXBuildFile; fileRef = BE998306231E2BFD000459E5 /* DateCollectionViewCell.swift */; };
		BE99830E231E2BFE000459E5 /* ProfileController.swift in Sources */ = {isa = PBXBuildFile; fileRef = BE998307231E2BFD000459E5 /* ProfileController.swift */; };
		BE99830F231E2BFE000459E5 /* DoctorOnBoardController.swift in Sources */ = {isa = PBXBuildFile; fileRef = BE998308231E2BFD000459E5 /* DoctorOnBoardController.swift */; };
		BE998310231E2BFE000459E5 /* PatientOnBoardViewController.swift in Sources */ = {isa = PBXBuildFile; fileRef = BE998309231E2BFD000459E5 /* PatientOnBoardViewController.swift */; };
		BE998311231E2BFE000459E5 /* AddMedicineVC.swift in Sources */ = {isa = PBXBuildFile; fileRef = BE99830A231E2BFD000459E5 /* AddMedicineVC.swift */; };
		BE998312231E2BFE000459E5 /* MedicineListViewController.swift in Sources */ = {isa = PBXBuildFile; fileRef = BE99830B231E2BFD000459E5 /* MedicineListViewController.swift */; };
		BE998313231E2BFE000459E5 /* CalenderView.swift in Sources */ = {isa = PBXBuildFile; fileRef = BE99830C231E2BFE000459E5 /* CalenderView.swift */; };
		BE998315231E2C0E000459E5 /* Fonts in Resources */ = {isa = PBXBuildFile; fileRef = BE998314231E2C0E000459E5 /* Fonts */; };
		BE998318231E2C63000459E5 /* Onboard.storyboard in Resources */ = {isa = PBXBuildFile; fileRef = BE998316231E2C63000459E5 /* Onboard.storyboard */; };
		BE998319231E2C63000459E5 /* TabMenu.storyboard in Resources */ = {isa = PBXBuildFile; fileRef = BE998317231E2C63000459E5 /* TabMenu.storyboard */; };
		BE998323231E3DB2000459E5 /* RecordData.swift in Sources */ = {isa = PBXBuildFile; fileRef = BE998322231E3DB2000459E5 /* RecordData.swift */; };
		BE9BECFA230E892F00640A93 /* HistoryController.swift in Sources */ = {isa = PBXBuildFile; fileRef = BE9BECF9230E892F00640A93 /* HistoryController.swift */; };
		BE9BECFE230E8DAD00640A93 /* CalenderView.swift in Sources */ = {isa = PBXBuildFile; fileRef = BE9BECFD230E8DAD00640A93 /* CalenderView.swift */; };
		BE9BED02230E944D00640A93 /* DateCollectionViewCell.swift in Sources */ = {isa = PBXBuildFile; fileRef = BE9BED01230E944D00640A93 /* DateCollectionViewCell.swift */; };
		BE9BED152317D67700640A93 /* MedicineTableViewCell.swift in Sources */ = {isa = PBXBuildFile; fileRef = BE9BED132317D67700640A93 /* MedicineTableViewCell.swift */; };
		BE9BED162317D67700640A93 /* MedicineTableViewCell.xib in Resources */ = {isa = PBXBuildFile; fileRef = BE9BED142317D67700640A93 /* MedicineTableViewCell.xib */; };
		BE9BED1B2317E45A00640A93 /* ActivityTableViewCell.swift in Sources */ = {isa = PBXBuildFile; fileRef = BE9BED192317E45A00640A93 /* ActivityTableViewCell.swift */; };
		BE9BED1C2317E45A00640A93 /* ActivityTableViewCell.xib in Resources */ = {isa = PBXBuildFile; fileRef = BE9BED1A2317E45A00640A93 /* ActivityTableViewCell.xib */; };
		BEB583122318FECA000153DC /* HistoryView.swift in Sources */ = {isa = PBXBuildFile; fileRef = BEB583112318FECA000153DC /* HistoryView.swift */; };
/* End PBXBuildFile section */

/* Begin PBXFileReference section */
		B044F628231E867000FFF42D /* Load.swift */ = {isa = PBXFileReference; lastKnownFileType = sourcecode.swift; path = Load.swift; sourceTree = "<group>"; };
		95355953231E63320014EA5F /* CreateRecord.storyboard */ = {isa = PBXFileReference; fileEncoding = 4; lastKnownFileType = file.storyboard; path = CreateRecord.storyboard; sourceTree = "<group>"; };
		95355954231E63320014EA5F /* ActivityPickerCell.swift */ = {isa = PBXFileReference; fileEncoding = 4; lastKnownFileType = sourcecode.swift; path = ActivityPickerCell.swift; sourceTree = "<group>"; };
		95355955231E63320014EA5F /* TwoLabelsCell.xib */ = {isa = PBXFileReference; fileEncoding = 4; lastKnownFileType = file.xib; path = TwoLabelsCell.xib; sourceTree = "<group>"; };
		95355956231E63320014EA5F /* ActivityPickerCell.xib */ = {isa = PBXFileReference; fileEncoding = 4; lastKnownFileType = file.xib; path = ActivityPickerCell.xib; sourceTree = "<group>"; };
		95355957231E63320014EA5F /* TextFieldCell.swift */ = {isa = PBXFileReference; fileEncoding = 4; lastKnownFileType = sourcecode.swift; path = TextFieldCell.swift; sourceTree = "<group>"; };
		95355958231E63330014EA5F /* TwoLabelsCell.swift */ = {isa = PBXFileReference; fileEncoding = 4; lastKnownFileType = sourcecode.swift; path = TwoLabelsCell.swift; sourceTree = "<group>"; };
		95355959231E63330014EA5F /* TextFieldCell.xib */ = {isa = PBXFileReference; fileEncoding = 4; lastKnownFileType = file.xib; path = TextFieldCell.xib; sourceTree = "<group>"; };
		9535595A231E63330014EA5F /* ActivityRecordGuide.storyboard */ = {isa = PBXFileReference; fileEncoding = 4; lastKnownFileType = file.storyboard; path = ActivityRecordGuide.storyboard; sourceTree = "<group>"; };
		95355963231E635C0014EA5F /* CreateRecordTableVC.swift */ = {isa = PBXFileReference; fileEncoding = 4; lastKnownFileType = sourcecode.swift; path = CreateRecordTableVC.swift; sourceTree = "<group>"; };
		95355964231E635C0014EA5F /* OptionsTableVC.swift */ = {isa = PBXFileReference; fileEncoding = 4; lastKnownFileType = sourcecode.swift; path = OptionsTableVC.swift; sourceTree = "<group>"; };
		B06A9C64230E69E9007D38B5 /* MiniChallenge3.app */ = {isa = PBXFileReference; explicitFileType = wrapper.application; includeInIndex = 0; path = MiniChallenge3.app; sourceTree = BUILT_PRODUCTS_DIR; };
		B06A9C67230E69E9007D38B5 /* AppDelegate.swift */ = {isa = PBXFileReference; lastKnownFileType = sourcecode.swift; path = AppDelegate.swift; sourceTree = "<group>"; };
		B06A9C69230E69E9007D38B5 /* ViewController.swift */ = {isa = PBXFileReference; lastKnownFileType = sourcecode.swift; path = ViewController.swift; sourceTree = "<group>"; };
		B06A9C6C230E69E9007D38B5 /* Base */ = {isa = PBXFileReference; lastKnownFileType = file.storyboard; name = Base; path = Base.lproj/Main.storyboard; sourceTree = "<group>"; };
		B06A9C6F230E69E9007D38B5 /* MiniChallenge3.xcdatamodel */ = {isa = PBXFileReference; lastKnownFileType = wrapper.xcdatamodel; path = MiniChallenge3.xcdatamodel; sourceTree = "<group>"; };
		B06A9C71230E69EB007D38B5 /* Assets.xcassets */ = {isa = PBXFileReference; lastKnownFileType = folder.assetcatalog; path = Assets.xcassets; sourceTree = "<group>"; };
		B06A9C74230E69EB007D38B5 /* Base */ = {isa = PBXFileReference; lastKnownFileType = file.storyboard; name = Base; path = Base.lproj/LaunchScreen.storyboard; sourceTree = "<group>"; };
		B06A9C76230E69EB007D38B5 /* Info.plist */ = {isa = PBXFileReference; lastKnownFileType = text.plist.xml; path = Info.plist; sourceTree = "<group>"; };
		B099EA72231E33BB00BEF2F8 /* MiniChallenge3.entitlements */ = {isa = PBXFileReference; lastKnownFileType = text.plist.entitlements; path = MiniChallenge3.entitlements; sourceTree = "<group>"; };
		B099EA74231E341F00BEF2F8 /* CloudKit.framework */ = {isa = PBXFileReference; lastKnownFileType = wrapper.framework; name = CloudKit.framework; path = System/Library/Frameworks/CloudKit.framework; sourceTree = SDKROOT; };
		BE6492E1231D1696001E27A7 /* SleepTableViewCell.swift */ = {isa = PBXFileReference; lastKnownFileType = sourcecode.swift; path = SleepTableViewCell.swift; sourceTree = "<group>"; };
		BE6492E2231D1696001E27A7 /* SleepTableViewCell.xib */ = {isa = PBXFileReference; lastKnownFileType = file.xib; path = SleepTableViewCell.xib; sourceTree = "<group>"; };
		BE6492E5231D169F001E27A7 /* ComplainTableViewCell.swift */ = {isa = PBXFileReference; lastKnownFileType = sourcecode.swift; path = ComplainTableViewCell.swift; sourceTree = "<group>"; };
		BE6492E6231D169F001E27A7 /* ComplainTableViewCell.xib */ = {isa = PBXFileReference; lastKnownFileType = file.xib; path = ComplainTableViewCell.xib; sourceTree = "<group>"; };
		BE9982D8231E2AB7000459E5 /* History.storyboard */ = {isa = PBXFileReference; fileEncoding = 4; lastKnownFileType = file.storyboard; path = History.storyboard; sourceTree = "<group>"; };
		BE9982DC231E2B83000459E5 /* MedicineListTableViewCell.xib */ = {isa = PBXFileReference; fileEncoding = 4; lastKnownFileType = file.xib; path = MedicineListTableViewCell.xib; sourceTree = "<group>"; };
		BE9982DD231E2B83000459E5 /* PatientOnBoardView.swift */ = {isa = PBXFileReference; fileEncoding = 4; lastKnownFileType = sourcecode.swift; path = PatientOnBoardView.swift; sourceTree = "<group>"; };
		BE9982DE231E2B83000459E5 /* UserProfileCell.swift */ = {isa = PBXFileReference; fileEncoding = 4; lastKnownFileType = sourcecode.swift; path = UserProfileCell.swift; sourceTree = "<group>"; };
		BE9982DF231E2B83000459E5 /* MedicineListTableViewCell.swift */ = {isa = PBXFileReference; fileEncoding = 4; lastKnownFileType = sourcecode.swift; path = MedicineListTableViewCell.swift; sourceTree = "<group>"; };
		BE9982E0231E2B83000459E5 /* MedicineList.storyboard */ = {isa = PBXFileReference; fileEncoding = 4; lastKnownFileType = file.storyboard; path = MedicineList.storyboard; sourceTree = "<group>"; };
		BE9982E1231E2B83000459E5 /* DoctorProfileCell.swift */ = {isa = PBXFileReference; fileEncoding = 4; lastKnownFileType = sourcecode.swift; path = DoctorProfileCell.swift; sourceTree = "<group>"; };
		BE9982E2231E2B83000459E5 /* Profile.storyboard */ = {isa = PBXFileReference; fileEncoding = 4; lastKnownFileType = file.storyboard; path = Profile.storyboard; sourceTree = "<group>"; };
		BE9982E3231E2B83000459E5 /* AddMedicine.storyboard */ = {isa = PBXFileReference; fileEncoding = 4; lastKnownFileType = file.storyboard; path = AddMedicine.storyboard; sourceTree = "<group>"; };
		BE9982E4231E2B83000459E5 /* DoctorOnBoardView.swift */ = {isa = PBXFileReference; fileEncoding = 4; lastKnownFileType = sourcecode.swift; path = DoctorOnBoardView.swift; sourceTree = "<group>"; };
		BE9982EE231E2BCA000459E5 /* DoctorData.swift */ = {isa = PBXFileReference; fileEncoding = 4; lastKnownFileType = sourcecode.swift; path = DoctorData.swift; sourceTree = "<group>"; };
		BE9982EF231E2BCA000459E5 /* MedicineModel.swift */ = {isa = PBXFileReference; fileEncoding = 4; lastKnownFileType = sourcecode.swift; path = MedicineModel.swift; sourceTree = "<group>"; };
		BE9982F0231E2BCA000459E5 /* OnboardModel.swift */ = {isa = PBXFileReference; fileEncoding = 4; lastKnownFileType = sourcecode.swift; path = OnboardModel.swift; sourceTree = "<group>"; };
		BE9982F1231E2BCA000459E5 /* MedicineData.swift */ = {isa = PBXFileReference; fileEncoding = 4; lastKnownFileType = sourcecode.swift; path = MedicineData.swift; sourceTree = "<group>"; };
		BE9982F2231E2BCA000459E5 /* Profile.swift */ = {isa = PBXFileReference; fileEncoding = 4; lastKnownFileType = sourcecode.swift; path = Profile.swift; sourceTree = "<group>"; };
		BE9982F3231E2BCB000459E5 /* OnBoardData.swift */ = {isa = PBXFileReference; fileEncoding = 4; lastKnownFileType = sourcecode.swift; path = OnBoardData.swift; sourceTree = "<group>"; };
		BE9982F4231E2BCB000459E5 /* ProfileModel.swift */ = {isa = PBXFileReference; fileEncoding = 4; lastKnownFileType = sourcecode.swift; path = ProfileModel.swift; sourceTree = "<group>"; };
		BE9982F5231E2BCB000459E5 /* RecordModel.swift */ = {isa = PBXFileReference; fileEncoding = 4; lastKnownFileType = sourcecode.swift; path = RecordModel.swift; sourceTree = "<group>"; };
		BE9982F6231E2BCB000459E5 /* ActivityModel.swift */ = {isa = PBXFileReference; fileEncoding = 4; lastKnownFileType = sourcecode.swift; path = ActivityModel.swift; sourceTree = "<group>"; };
		BE9982F7231E2BCB000459E5 /* HistoryModel.swift */ = {isa = PBXFileReference; fileEncoding = 4; lastKnownFileType = sourcecode.swift; path = HistoryModel.swift; sourceTree = "<group>"; };
		BE9982F8231E2BCB000459E5 /* CloudData.swift */ = {isa = PBXFileReference; fileEncoding = 4; lastKnownFileType = sourcecode.swift; path = CloudData.swift; sourceTree = "<group>"; };
		BE9982F9231E2BCB000459E5 /* DashboardData.swift */ = {isa = PBXFileReference; fileEncoding = 4; lastKnownFileType = sourcecode.swift; path = DashboardData.swift; sourceTree = "<group>"; };
		BE998306231E2BFD000459E5 /* DateCollectionViewCell.swift */ = {isa = PBXFileReference; fileEncoding = 4; lastKnownFileType = sourcecode.swift; path = DateCollectionViewCell.swift; sourceTree = "<group>"; };
		BE998307231E2BFD000459E5 /* ProfileController.swift */ = {isa = PBXFileReference; fileEncoding = 4; lastKnownFileType = sourcecode.swift; path = ProfileController.swift; sourceTree = "<group>"; };
		BE998308231E2BFD000459E5 /* DoctorOnBoardController.swift */ = {isa = PBXFileReference; fileEncoding = 4; lastKnownFileType = sourcecode.swift; path = DoctorOnBoardController.swift; sourceTree = "<group>"; };
		BE998309231E2BFD000459E5 /* PatientOnBoardViewController.swift */ = {isa = PBXFileReference; fileEncoding = 4; lastKnownFileType = sourcecode.swift; path = PatientOnBoardViewController.swift; sourceTree = "<group>"; };
		BE99830A231E2BFD000459E5 /* AddMedicineVC.swift */ = {isa = PBXFileReference; fileEncoding = 4; lastKnownFileType = sourcecode.swift; path = AddMedicineVC.swift; sourceTree = "<group>"; };
		BE99830B231E2BFD000459E5 /* MedicineListViewController.swift */ = {isa = PBXFileReference; fileEncoding = 4; lastKnownFileType = sourcecode.swift; path = MedicineListViewController.swift; sourceTree = "<group>"; };
		BE99830C231E2BFE000459E5 /* CalenderView.swift */ = {isa = PBXFileReference; fileEncoding = 4; lastKnownFileType = sourcecode.swift; path = CalenderView.swift; sourceTree = "<group>"; };
		BE998314231E2C0E000459E5 /* Fonts */ = {isa = PBXFileReference; lastKnownFileType = folder; path = Fonts; sourceTree = "<group>"; };
		BE998316231E2C63000459E5 /* Onboard.storyboard */ = {isa = PBXFileReference; fileEncoding = 4; lastKnownFileType = file.storyboard; path = Onboard.storyboard; sourceTree = "<group>"; };
		BE998317231E2C63000459E5 /* TabMenu.storyboard */ = {isa = PBXFileReference; fileEncoding = 4; lastKnownFileType = file.storyboard; path = TabMenu.storyboard; sourceTree = "<group>"; };
		BE998322231E3DB2000459E5 /* RecordData.swift */ = {isa = PBXFileReference; lastKnownFileType = sourcecode.swift; path = RecordData.swift; sourceTree = "<group>"; };
		BE9BECF9230E892F00640A93 /* HistoryController.swift */ = {isa = PBXFileReference; lastKnownFileType = sourcecode.swift; path = HistoryController.swift; sourceTree = "<group>"; };
		BE9BECFD230E8DAD00640A93 /* CalenderView.swift */ = {isa = PBXFileReference; lastKnownFileType = sourcecode.swift; name = CalenderView.swift; path = MiniChallenge3/Controller/CalenderView.swift; sourceTree = SOURCE_ROOT; };
		BE9BED01230E944D00640A93 /* DateCollectionViewCell.swift */ = {isa = PBXFileReference; lastKnownFileType = sourcecode.swift; name = DateCollectionViewCell.swift; path = MiniChallenge3/Controller/DateCollectionViewCell.swift; sourceTree = SOURCE_ROOT; };
		BE9BED132317D67700640A93 /* MedicineTableViewCell.swift */ = {isa = PBXFileReference; lastKnownFileType = sourcecode.swift; path = MedicineTableViewCell.swift; sourceTree = "<group>"; };
		BE9BED142317D67700640A93 /* MedicineTableViewCell.xib */ = {isa = PBXFileReference; lastKnownFileType = file.xib; path = MedicineTableViewCell.xib; sourceTree = "<group>"; };
		BE9BED192317E45A00640A93 /* ActivityTableViewCell.swift */ = {isa = PBXFileReference; lastKnownFileType = sourcecode.swift; path = ActivityTableViewCell.swift; sourceTree = "<group>"; };
		BE9BED1A2317E45A00640A93 /* ActivityTableViewCell.xib */ = {isa = PBXFileReference; lastKnownFileType = file.xib; path = ActivityTableViewCell.xib; sourceTree = "<group>"; };
		BEB583112318FECA000153DC /* HistoryView.swift */ = {isa = PBXFileReference; lastKnownFileType = sourcecode.swift; path = HistoryView.swift; sourceTree = "<group>"; };
/* End PBXFileReference section */

/* Begin PBXFrameworksBuildPhase section */
		B06A9C61230E69E9007D38B5 /* Frameworks */ = {
			isa = PBXFrameworksBuildPhase;
			buildActionMask = 2147483647;
			files = (
				B099EA75231E341F00BEF2F8 /* CloudKit.framework in Frameworks */,
			);
			runOnlyForDeploymentPostprocessing = 0;
		};
/* End PBXFrameworksBuildPhase section */

/* Begin PBXGroup section */
		B06A9C5B230E69E9007D38B5 = {
			isa = PBXGroup;
			children = (
				B06A9C66230E69E9007D38B5 /* MiniChallenge3 */,
				B06A9C65230E69E9007D38B5 /* Products */,
				B099EA73231E341F00BEF2F8 /* Frameworks */,
			);
			sourceTree = "<group>";
		};
		B06A9C65230E69E9007D38B5 /* Products */ = {
			isa = PBXGroup;
			children = (
				B06A9C64230E69E9007D38B5 /* MiniChallenge3.app */,
			);
			name = Products;
			sourceTree = "<group>";
		};
		B06A9C66230E69E9007D38B5 /* MiniChallenge3 */ = {
			isa = PBXGroup;
			children = (
				B099EA72231E33BB00BEF2F8 /* MiniChallenge3.entitlements */,
				BE998316231E2C63000459E5 /* Onboard.storyboard */,
				BE998317231E2C63000459E5 /* TabMenu.storyboard */,
				BE998314231E2C0E000459E5 /* Fonts */,
				B06A9C85230E6F44007D38B5 /* Controller */,
				B06A9C84230E6F3F007D38B5 /* View */,
				B06A9C83230E6F17007D38B5 /* Model */,
				B06A9C67230E69E9007D38B5 /* AppDelegate.swift */,
				B06A9C69230E69E9007D38B5 /* ViewController.swift */,
				B06A9C6B230E69E9007D38B5 /* Main.storyboard */,
				B06A9C71230E69EB007D38B5 /* Assets.xcassets */,
				B06A9C73230E69EB007D38B5 /* LaunchScreen.storyboard */,
				B06A9C76230E69EB007D38B5 /* Info.plist */,
				B06A9C6E230E69E9007D38B5 /* MiniChallenge3.xcdatamodeld */,
			);
			path = MiniChallenge3;
			sourceTree = "<group>";
		};
		B06A9C83230E6F17007D38B5 /* Model */ = {
			isa = PBXGroup;
			children = (
				BE9982F6231E2BCB000459E5 /* ActivityModel.swift */,
				BE9982F8231E2BCB000459E5 /* CloudData.swift */,
				BE9982F9231E2BCB000459E5 /* DashboardData.swift */,
				BE9982EE231E2BCA000459E5 /* DoctorData.swift */,
				BE9982F7231E2BCB000459E5 /* HistoryModel.swift */,
				BE9982F1231E2BCA000459E5 /* MedicineData.swift */,
				BE9982EF231E2BCA000459E5 /* MedicineModel.swift */,
				BE9982F3231E2BCB000459E5 /* OnBoardData.swift */,
				BE9982F0231E2BCA000459E5 /* OnboardModel.swift */,
				BE9982F2231E2BCA000459E5 /* Profile.swift */,
				BE9982F4231E2BCB000459E5 /* ProfileModel.swift */,
				BE9982F5231E2BCB000459E5 /* RecordModel.swift */,
				BE998322231E3DB2000459E5 /* RecordData.swift */,
			);
			path = Model;
			sourceTree = "<group>";
		};
		B06A9C84230E6F3F007D38B5 /* View */ = {
			isa = PBXGroup;
			children = (
				BE9982D8231E2AB7000459E5 /* History.storyboard */,
				BEB583112318FECA000153DC /* HistoryView.swift */,
				BE9BED132317D67700640A93 /* MedicineTableViewCell.swift */,
				BE9BED142317D67700640A93 /* MedicineTableViewCell.xib */,
				BE9BED192317E45A00640A93 /* ActivityTableViewCell.swift */,
				BE9BED1A2317E45A00640A93 /* ActivityTableViewCell.xib */,
				BE6492E1231D1696001E27A7 /* SleepTableViewCell.swift */,
				BE6492E2231D1696001E27A7 /* SleepTableViewCell.xib */,
				BE6492E5231D169F001E27A7 /* ComplainTableViewCell.swift */,
				BE6492E6231D169F001E27A7 /* ComplainTableViewCell.xib */,
				BE9BED01230E944D00640A93 /* DateCollectionViewCell.swift */,
				95355954231E63320014EA5F /* ActivityPickerCell.swift */,
				95355956231E63320014EA5F /* ActivityPickerCell.xib */,
				9535595A231E63330014EA5F /* ActivityRecordGuide.storyboard */,
				95355953231E63320014EA5F /* CreateRecord.storyboard */,
				95355957231E63320014EA5F /* TextFieldCell.swift */,
				95355959231E63330014EA5F /* TextFieldCell.xib */,
				95355958231E63330014EA5F /* TwoLabelsCell.swift */,
				95355955231E63320014EA5F /* TwoLabelsCell.xib */,
				BE9BECFD230E8DAD00640A93 /* CalenderView.swift */,
				BE9982E3231E2B83000459E5 /* AddMedicine.storyboard */,
				BE9982E4231E2B83000459E5 /* DoctorOnBoardView.swift */,
				BE9982E1231E2B83000459E5 /* DoctorProfileCell.swift */,
				BE9982E0231E2B83000459E5 /* MedicineList.storyboard */,
				BE9982DF231E2B83000459E5 /* MedicineListTableViewCell.swift */,
				BE9982DC231E2B83000459E5 /* MedicineListTableViewCell.xib */,
				BE9982DD231E2B83000459E5 /* PatientOnBoardView.swift */,
				BE9982E2231E2B83000459E5 /* Profile.storyboard */,
				BE9982DE231E2B83000459E5 /* UserProfileCell.swift */,
			);
			path = View;
			sourceTree = "<group>";
		};
		B06A9C85230E6F44007D38B5 /* Controller */ = {
			isa = PBXGroup;
			children = (
				BE9BECF9230E892F00640A93 /* HistoryController.swift */,
				BE99830A231E2BFD000459E5 /* AddMedicineVC.swift */,
				BE99830C231E2BFE000459E5 /* CalenderView.swift */,
				BE998306231E2BFD000459E5 /* DateCollectionViewCell.swift */,
				BE998308231E2BFD000459E5 /* DoctorOnBoardController.swift */,
				BE99830B231E2BFD000459E5 /* MedicineListViewController.swift */,
				95355963231E635C0014EA5F /* CreateRecordTableVC.swift */,
				95355964231E635C0014EA5F /* OptionsTableVC.swift */,
				BE998309231E2BFD000459E5 /* PatientOnBoardViewController.swift */,
				BE998307231E2BFD000459E5 /* ProfileController.swift */,
				B044F628231E867000FFF42D /* Load.swift */,
			);
			path = Controller;
			sourceTree = "<group>";
		};
		B099EA73231E341F00BEF2F8 /* Frameworks */ = {
			isa = PBXGroup;
			children = (
				B099EA74231E341F00BEF2F8 /* CloudKit.framework */,
			);
			name = Frameworks;
			sourceTree = "<group>";
		};
/* End PBXGroup section */

/* Begin PBXNativeTarget section */
		B06A9C63230E69E9007D38B5 /* MiniChallenge3 */ = {
			isa = PBXNativeTarget;
			buildConfigurationList = B06A9C79230E69EB007D38B5 /* Build configuration list for PBXNativeTarget "MiniChallenge3" */;
			buildPhases = (
				B06A9C60230E69E9007D38B5 /* Sources */,
				B06A9C61230E69E9007D38B5 /* Frameworks */,
				B06A9C62230E69E9007D38B5 /* Resources */,
			);
			buildRules = (
			);
			dependencies = (
			);
			name = MiniChallenge3;
			productName = MiniChallenge3;
			productReference = B06A9C64230E69E9007D38B5 /* MiniChallenge3.app */;
			productType = "com.apple.product-type.application";
		};
/* End PBXNativeTarget section */

/* Begin PBXProject section */
		B06A9C5C230E69E9007D38B5 /* Project object */ = {
			isa = PBXProject;
			attributes = {
				LastSwiftUpdateCheck = 1020;
				LastUpgradeCheck = 1020;
				ORGANIZATIONNAME = Steven;
				TargetAttributes = {
					B06A9C63230E69E9007D38B5 = {
						CreatedOnToolsVersion = 10.2.1;
						SystemCapabilities = {
							com.apple.iCloud = {
								enabled = 1;
							};
						};
					};
				};
			};
			buildConfigurationList = B06A9C5F230E69E9007D38B5 /* Build configuration list for PBXProject "MiniChallenge3" */;
			compatibilityVersion = "Xcode 9.3";
			developmentRegion = en;
			hasScannedForEncodings = 0;
			knownRegions = (
				en,
				Base,
			);
			mainGroup = B06A9C5B230E69E9007D38B5;
			productRefGroup = B06A9C65230E69E9007D38B5 /* Products */;
			projectDirPath = "";
			projectRoot = "";
			targets = (
				B06A9C63230E69E9007D38B5 /* MiniChallenge3 */,
			);
		};
/* End PBXProject section */

/* Begin PBXResourcesBuildPhase section */
		B06A9C62230E69E9007D38B5 /* Resources */ = {
			isa = PBXResourcesBuildPhase;
			buildActionMask = 2147483647;
			files = (
				BE9982EC231E2B83000459E5 /* AddMedicine.storyboard in Resources */,
				95355961231E63330014EA5F /* TextFieldCell.xib in Resources */,
				9535595B231E63330014EA5F /* CreateRecord.storyboard in Resources */,
				BE9982E9231E2B83000459E5 /* MedicineList.storyboard in Resources */,
				BE998319231E2C63000459E5 /* TabMenu.storyboard in Resources */,
				BE9982EB231E2B83000459E5 /* Profile.storyboard in Resources */,
				BE6492E8231D169F001E27A7 /* ComplainTableViewCell.xib in Resources */,
				9535595E231E63330014EA5F /* ActivityPickerCell.xib in Resources */,
				BE998318231E2C63000459E5 /* Onboard.storyboard in Resources */,
				B06A9C75230E69EB007D38B5 /* LaunchScreen.storyboard in Resources */,
				BE998315231E2C0E000459E5 /* Fonts in Resources */,
				95355962231E63330014EA5F /* ActivityRecordGuide.storyboard in Resources */,
				BE9BED162317D67700640A93 /* MedicineTableViewCell.xib in Resources */,
				BE9982D9231E2AB7000459E5 /* History.storyboard in Resources */,
				B06A9C72230E69EB007D38B5 /* Assets.xcassets in Resources */,
				BE9982E5231E2B83000459E5 /* MedicineListTableViewCell.xib in Resources */,
				9535595D231E63330014EA5F /* TwoLabelsCell.xib in Resources */,
				B06A9C6D230E69E9007D38B5 /* Main.storyboard in Resources */,
				BE9BED1C2317E45A00640A93 /* ActivityTableViewCell.xib in Resources */,
				BE6492E4231D1696001E27A7 /* SleepTableViewCell.xib in Resources */,
			);
			runOnlyForDeploymentPostprocessing = 0;
		};
/* End PBXResourcesBuildPhase section */

/* Begin PBXSourcesBuildPhase section */
		B06A9C60230E69E9007D38B5 /* Sources */ = {
			isa = PBXSourcesBuildPhase;
			buildActionMask = 2147483647;
			files = (
				BE9982E7231E2B83000459E5 /* UserProfileCell.swift in Sources */,
				BE9982FD231E2BCB000459E5 /* MedicineData.swift in Sources */,
				BE9982FE231E2BCB000459E5 /* Profile.swift in Sources */,
				BE998313231E2BFE000459E5 /* CalenderView.swift in Sources */,
				BE9982EA231E2B83000459E5 /* DoctorProfileCell.swift in Sources */,
				BE99830F231E2BFE000459E5 /* DoctorOnBoardController.swift in Sources */,
				BE998300231E2BCB000459E5 /* ProfileModel.swift in Sources */,
				BE99830E231E2BFE000459E5 /* ProfileController.swift in Sources */,
				BE9BECFA230E892F00640A93 /* HistoryController.swift in Sources */,
				BE998312231E2BFE000459E5 /* MedicineListViewController.swift in Sources */,
				BE9BED1B2317E45A00640A93 /* ActivityTableViewCell.swift in Sources */,
				9535595F231E63330014EA5F /* TextFieldCell.swift in Sources */,
				BE9BECFE230E8DAD00640A93 /* CalenderView.swift in Sources */,
				BE9982FC231E2BCB000459E5 /* OnboardModel.swift in Sources */,
				B044F629231E867000FFF42D /* Load.swift in Sources */,
				BE998311231E2BFE000459E5 /* AddMedicineVC.swift in Sources */,
				BEB583122318FECA000153DC /* HistoryView.swift in Sources */,
				BE998305231E2BCB000459E5 /* DashboardData.swift in Sources */,
				9535595C231E63330014EA5F /* ActivityPickerCell.swift in Sources */,
				BE998323231E3DB2000459E5 /* RecordData.swift in Sources */,
				BE998303231E2BCB000459E5 /* HistoryModel.swift in Sources */,
				95355960231E63330014EA5F /* TwoLabelsCell.swift in Sources */,
				BE998310231E2BFE000459E5 /* PatientOnBoardViewController.swift in Sources */,
				BE9982FF231E2BCB000459E5 /* OnBoardData.swift in Sources */,
				BE9982ED231E2B83000459E5 /* DoctorOnBoardView.swift in Sources */,
				95355965231E635C0014EA5F /* CreateRecordTableVC.swift in Sources */,
				BE9982E8231E2B83000459E5 /* MedicineListTableViewCell.swift in Sources */,
				B06A9C6A230E69E9007D38B5 /* ViewController.swift in Sources */,
				BE9982E6231E2B83000459E5 /* PatientOnBoardView.swift in Sources */,
				B06A9C68230E69E9007D38B5 /* AppDelegate.swift in Sources */,
				95355966231E635C0014EA5F /* OptionsTableVC.swift in Sources */,
				BE998301231E2BCB000459E5 /* RecordModel.swift in Sources */,
				BE6492E7231D169F001E27A7 /* ComplainTableViewCell.swift in Sources */,
				BE998302231E2BCB000459E5 /* ActivityModel.swift in Sources */,
				BE9982FA231E2BCB000459E5 /* DoctorData.swift in Sources */,
				BE99830D231E2BFE000459E5 /* DateCollectionViewCell.swift in Sources */,
				B06A9C70230E69E9007D38B5 /* MiniChallenge3.xcdatamodeld in Sources */,
				BE6492E3231D1696001E27A7 /* SleepTableViewCell.swift in Sources */,
				BE9982FB231E2BCB000459E5 /* MedicineModel.swift in Sources */,
				BE9BED02230E944D00640A93 /* DateCollectionViewCell.swift in Sources */,
				BE998304231E2BCB000459E5 /* CloudData.swift in Sources */,
				BE9BED152317D67700640A93 /* MedicineTableViewCell.swift in Sources */,
			);
			runOnlyForDeploymentPostprocessing = 0;
		};
/* End PBXSourcesBuildPhase section */

/* Begin PBXVariantGroup section */
		B06A9C6B230E69E9007D38B5 /* Main.storyboard */ = {
			isa = PBXVariantGroup;
			children = (
				B06A9C6C230E69E9007D38B5 /* Base */,
			);
			name = Main.storyboard;
			sourceTree = "<group>";
		};
		B06A9C73230E69EB007D38B5 /* LaunchScreen.storyboard */ = {
			isa = PBXVariantGroup;
			children = (
				B06A9C74230E69EB007D38B5 /* Base */,
			);
			name = LaunchScreen.storyboard;
			sourceTree = "<group>";
		};
/* End PBXVariantGroup section */

/* Begin XCBuildConfiguration section */
		B06A9C77230E69EB007D38B5 /* Debug */ = {
			isa = XCBuildConfiguration;
			buildSettings = {
				ALWAYS_SEARCH_USER_PATHS = NO;
				CLANG_ANALYZER_NONNULL = YES;
				CLANG_ANALYZER_NUMBER_OBJECT_CONVERSION = YES_AGGRESSIVE;
				CLANG_CXX_LANGUAGE_STANDARD = "gnu++14";
				CLANG_CXX_LIBRARY = "libc++";
				CLANG_ENABLE_MODULES = YES;
				CLANG_ENABLE_OBJC_ARC = YES;
				CLANG_ENABLE_OBJC_WEAK = YES;
				CLANG_WARN_BLOCK_CAPTURE_AUTORELEASING = YES;
				CLANG_WARN_BOOL_CONVERSION = YES;
				CLANG_WARN_COMMA = YES;
				CLANG_WARN_CONSTANT_CONVERSION = YES;
				CLANG_WARN_DEPRECATED_OBJC_IMPLEMENTATIONS = YES;
				CLANG_WARN_DIRECT_OBJC_ISA_USAGE = YES_ERROR;
				CLANG_WARN_DOCUMENTATION_COMMENTS = YES;
				CLANG_WARN_EMPTY_BODY = YES;
				CLANG_WARN_ENUM_CONVERSION = YES;
				CLANG_WARN_INFINITE_RECURSION = YES;
				CLANG_WARN_INT_CONVERSION = YES;
				CLANG_WARN_NON_LITERAL_NULL_CONVERSION = YES;
				CLANG_WARN_OBJC_IMPLICIT_RETAIN_SELF = YES;
				CLANG_WARN_OBJC_LITERAL_CONVERSION = YES;
				CLANG_WARN_OBJC_ROOT_CLASS = YES_ERROR;
				CLANG_WARN_RANGE_LOOP_ANALYSIS = YES;
				CLANG_WARN_STRICT_PROTOTYPES = YES;
				CLANG_WARN_SUSPICIOUS_MOVE = YES;
				CLANG_WARN_UNGUARDED_AVAILABILITY = YES_AGGRESSIVE;
				CLANG_WARN_UNREACHABLE_CODE = YES;
				CLANG_WARN__DUPLICATE_METHOD_MATCH = YES;
				CODE_SIGN_IDENTITY = "iPhone Developer";
				COPY_PHASE_STRIP = NO;
				DEBUG_INFORMATION_FORMAT = dwarf;
				ENABLE_STRICT_OBJC_MSGSEND = YES;
				ENABLE_TESTABILITY = YES;
				GCC_C_LANGUAGE_STANDARD = gnu11;
				GCC_DYNAMIC_NO_PIC = NO;
				GCC_NO_COMMON_BLOCKS = YES;
				GCC_OPTIMIZATION_LEVEL = 0;
				GCC_PREPROCESSOR_DEFINITIONS = (
					"DEBUG=1",
					"$(inherited)",
				);
				GCC_WARN_64_TO_32_BIT_CONVERSION = YES;
				GCC_WARN_ABOUT_RETURN_TYPE = YES_ERROR;
				GCC_WARN_UNDECLARED_SELECTOR = YES;
				GCC_WARN_UNINITIALIZED_AUTOS = YES_AGGRESSIVE;
				GCC_WARN_UNUSED_FUNCTION = YES;
				GCC_WARN_UNUSED_VARIABLE = YES;
				IPHONEOS_DEPLOYMENT_TARGET = 12.2;
				MTL_ENABLE_DEBUG_INFO = INCLUDE_SOURCE;
				MTL_FAST_MATH = YES;
				ONLY_ACTIVE_ARCH = YES;
				SDKROOT = iphoneos;
				SWIFT_ACTIVE_COMPILATION_CONDITIONS = DEBUG;
				SWIFT_OPTIMIZATION_LEVEL = "-Onone";
			};
			name = Debug;
		};
		B06A9C78230E69EB007D38B5 /* Release */ = {
			isa = XCBuildConfiguration;
			buildSettings = {
				ALWAYS_SEARCH_USER_PATHS = NO;
				CLANG_ANALYZER_NONNULL = YES;
				CLANG_ANALYZER_NUMBER_OBJECT_CONVERSION = YES_AGGRESSIVE;
				CLANG_CXX_LANGUAGE_STANDARD = "gnu++14";
				CLANG_CXX_LIBRARY = "libc++";
				CLANG_ENABLE_MODULES = YES;
				CLANG_ENABLE_OBJC_ARC = YES;
				CLANG_ENABLE_OBJC_WEAK = YES;
				CLANG_WARN_BLOCK_CAPTURE_AUTORELEASING = YES;
				CLANG_WARN_BOOL_CONVERSION = YES;
				CLANG_WARN_COMMA = YES;
				CLANG_WARN_CONSTANT_CONVERSION = YES;
				CLANG_WARN_DEPRECATED_OBJC_IMPLEMENTATIONS = YES;
				CLANG_WARN_DIRECT_OBJC_ISA_USAGE = YES_ERROR;
				CLANG_WARN_DOCUMENTATION_COMMENTS = YES;
				CLANG_WARN_EMPTY_BODY = YES;
				CLANG_WARN_ENUM_CONVERSION = YES;
				CLANG_WARN_INFINITE_RECURSION = YES;
				CLANG_WARN_INT_CONVERSION = YES;
				CLANG_WARN_NON_LITERAL_NULL_CONVERSION = YES;
				CLANG_WARN_OBJC_IMPLICIT_RETAIN_SELF = YES;
				CLANG_WARN_OBJC_LITERAL_CONVERSION = YES;
				CLANG_WARN_OBJC_ROOT_CLASS = YES_ERROR;
				CLANG_WARN_RANGE_LOOP_ANALYSIS = YES;
				CLANG_WARN_STRICT_PROTOTYPES = YES;
				CLANG_WARN_SUSPICIOUS_MOVE = YES;
				CLANG_WARN_UNGUARDED_AVAILABILITY = YES_AGGRESSIVE;
				CLANG_WARN_UNREACHABLE_CODE = YES;
				CLANG_WARN__DUPLICATE_METHOD_MATCH = YES;
				CODE_SIGN_IDENTITY = "iPhone Developer";
				COPY_PHASE_STRIP = NO;
				DEBUG_INFORMATION_FORMAT = "dwarf-with-dsym";
				ENABLE_NS_ASSERTIONS = NO;
				ENABLE_STRICT_OBJC_MSGSEND = YES;
				GCC_C_LANGUAGE_STANDARD = gnu11;
				GCC_NO_COMMON_BLOCKS = YES;
				GCC_WARN_64_TO_32_BIT_CONVERSION = YES;
				GCC_WARN_ABOUT_RETURN_TYPE = YES_ERROR;
				GCC_WARN_UNDECLARED_SELECTOR = YES;
				GCC_WARN_UNINITIALIZED_AUTOS = YES_AGGRESSIVE;
				GCC_WARN_UNUSED_FUNCTION = YES;
				GCC_WARN_UNUSED_VARIABLE = YES;
				IPHONEOS_DEPLOYMENT_TARGET = 12.2;
				MTL_ENABLE_DEBUG_INFO = NO;
				MTL_FAST_MATH = YES;
				SDKROOT = iphoneos;
				SWIFT_COMPILATION_MODE = wholemodule;
				SWIFT_OPTIMIZATION_LEVEL = "-O";
				VALIDATE_PRODUCT = YES;
			};
			name = Release;
		};
		B06A9C7A230E69EB007D38B5 /* Debug */ = {
			isa = XCBuildConfiguration;
			buildSettings = {
				ASSETCATALOG_COMPILER_APPICON_NAME = AppIcon;
				CODE_SIGN_ENTITLEMENTS = MiniChallenge3/MiniChallenge3.entitlements;
				CODE_SIGN_STYLE = Automatic;
				DEVELOPMENT_TEAM = LLU3TMC9Q3;
				INFOPLIST_FILE = MiniChallenge3/Info.plist;
				LD_RUNPATH_SEARCH_PATHS = (
					"$(inherited)",
					"@executable_path/Frameworks",
				);
				PRODUCT_BUNDLE_IDENTIFIER = INC.MiniChallenge3;
				PRODUCT_NAME = "$(TARGET_NAME)";
				SWIFT_VERSION = 5.0;
				TARGETED_DEVICE_FAMILY = "1,2";
			};
			name = Debug;
		};
		B06A9C7B230E69EB007D38B5 /* Release */ = {
			isa = XCBuildConfiguration;
			buildSettings = {
				ASSETCATALOG_COMPILER_APPICON_NAME = AppIcon;
				CODE_SIGN_ENTITLEMENTS = MiniChallenge3/MiniChallenge3.entitlements;
				CODE_SIGN_STYLE = Automatic;
				DEVELOPMENT_TEAM = LLU3TMC9Q3;
				INFOPLIST_FILE = MiniChallenge3/Info.plist;
				LD_RUNPATH_SEARCH_PATHS = (
					"$(inherited)",
					"@executable_path/Frameworks",
				);
				PRODUCT_BUNDLE_IDENTIFIER = INC.MiniChallenge3;
				PRODUCT_NAME = "$(TARGET_NAME)";
				SWIFT_VERSION = 5.0;
				TARGETED_DEVICE_FAMILY = "1,2";
			};
			name = Release;
		};
/* End XCBuildConfiguration section */

/* Begin XCConfigurationList section */
		B06A9C5F230E69E9007D38B5 /* Build configuration list for PBXProject "MiniChallenge3" */ = {
			isa = XCConfigurationList;
			buildConfigurations = (
				B06A9C77230E69EB007D38B5 /* Debug */,
				B06A9C78230E69EB007D38B5 /* Release */,
			);
			defaultConfigurationIsVisible = 0;
			defaultConfigurationName = Release;
		};
		B06A9C79230E69EB007D38B5 /* Build configuration list for PBXNativeTarget "MiniChallenge3" */ = {
			isa = XCConfigurationList;
			buildConfigurations = (
				B06A9C7A230E69EB007D38B5 /* Debug */,
				B06A9C7B230E69EB007D38B5 /* Release */,
			);
			defaultConfigurationIsVisible = 0;
			defaultConfigurationName = Release;
		};
/* End XCConfigurationList section */

/* Begin XCVersionGroup section */
		B06A9C6E230E69E9007D38B5 /* MiniChallenge3.xcdatamodeld */ = {
			isa = XCVersionGroup;
			children = (
				B06A9C6F230E69E9007D38B5 /* MiniChallenge3.xcdatamodel */,
			);
			currentVersion = B06A9C6F230E69E9007D38B5 /* MiniChallenge3.xcdatamodel */;
			path = MiniChallenge3.xcdatamodeld;
			sourceTree = "<group>";
			versionGroupType = wrapper.xcdatamodel;
		};
/* End XCVersionGroup section */
	};
	rootObject = B06A9C5C230E69E9007D38B5 /* Project object */;
}
